// !$*UTF8*$!
{ archiveVersion = 1; classes = {}; objectVersion = 56; objects = {
000000000000000000000001 = { isa = PBXFileReference; explicitFileType = wrapper.application; path = RemoteFilesTestHost.app; sourceTree = BUILT_PRODUCTS_DIR; };
000000000000000000000002 = { isa = PBXFileReference; explicitFileType = wrapper.application; path = RemoteFiles.app; sourceTree = BUILT_PRODUCTS_DIR; };
000000000000000000000003 = { isa = PBXFileReference; explicitFileType = wrapper.cfbundle; path = RemoteFilesTests.xctest; sourceTree = BUILT_PRODUCTS_DIR; };
000000000000000000000004 = { isa = PBXFileReference; lastKnownFileType = sourcecode.swift; path = App/RemoteFilesApp.swift; sourceTree = SOURCE_ROOT; };
000000000000000000000005 = { isa = PBXFileReference; lastKnownFileType = sourcecode.swift; path = App/RemoteFilesTestHost.swift; sourceTree = SOURCE_ROOT; };
000000000000000000000006 = { isa = PBXBuildFile; fileRef = 000000000000000000000005; };
000000000000000000000007 = { isa = PBXBuildFile; fileRef = 000000000000000000000004; };
000000000000000000000008 = { isa = PBXFileReference; lastKnownFileType = folder.iconcomposer.icon; path = App/AppIcon.icon; sourceTree = SOURCE_ROOT; };
000000000000000000000009 = { isa = PBXBuildFile; fileRef = 000000000000000000000008; };
00000000000000000000000A = { isa = PBXResourcesBuildPhase; buildActionMask = 2147483647; files = (000000000000000000000009,); runOnlyForDeploymentPostprocessing = 0; };
00000000000000000000000B = { isa = XCLocalSwiftPackageReference; relativePath = .; };
00000000000000000000000C = { isa = XCSwiftPackageProductDependency; productName = RemoteFilesUI; };
00000000000000000000000D = { isa = XCSwiftPackageProductDependency; productName = RemoteFilesCore; };
00000000000000000000000E = { isa = PBXBuildFile; productRef = 00000000000000000000000C; };
00000000000000000000000F = { isa = PBXBuildFile; productRef = 00000000000000000000000D; };
000000000000000000000010 = { isa = PBXFileReference; lastKnownFileType = sourcecode.swift; path = "Tests/RemoteFilesCoreTests/AppModelLifecycleTests.swift"; sourceTree = SOURCE_ROOT; };
000000000000000000000011 = { isa = PBXBuildFile; fileRef = 000000000000000000000010; };
000000000000000000000012 = { isa = PBXFileReference; lastKnownFileType = sourcecode.swift; path = "Tests/RemoteFilesCoreTests/BoundedSourceTests.swift"; sourceTree = SOURCE_ROOT; };
000000000000000000000013 = { isa = PBXBuildFile; fileRef = 000000000000000000000012; };
000000000000000000000014 = { isa = PBXFileReference; lastKnownFileType = sourcecode.swift; path = "Tests/RemoteFilesCoreTests/DocumentNavigationTests.swift"; sourceTree = SOURCE_ROOT; };
000000000000000000000015 = { isa = PBXBuildFile; fileRef = 000000000000000000000014; };
000000000000000000000016 = { isa = PBXFileReference; lastKnownFileType = sourcecode.swift; path = "Tests/RemoteFilesCoreTests/DocumentPolicyTests.swift"; sourceTree = SOURCE_ROOT; };
000000000000000000000017 = { isa = PBXBuildFile; fileRef = 000000000000000000000016; };
000000000000000000000018 = { isa = PBXFileReference; lastKnownFileType = sourcecode.swift; path = "Tests/RemoteFilesCoreTests/DocumentReadingPositionTests.swift"; sourceTree = SOURCE_ROOT; };
000000000000000000000019 = { isa = PBXBuildFile; fileRef = 000000000000000000000018; };
00000000000000000000001A = { isa = PBXFileReference; lastKnownFileType = sourcecode.swift; path = "Tests/RemoteFilesCoreTests/IdentityTests.swift"; sourceTree = SOURCE_ROOT; };
00000000000000000000001B = { isa = PBXBuildFile; fileRef = 00000000000000000000001A; };
00000000000000000000001C = { isa = PBXFileReference; lastKnownFileType = sourcecode.swift; path = "Tests/RemoteFilesCoreTests/ImageLifecycleTests.swift"; sourceTree = SOURCE_ROOT; };
00000000000000000000001D = { isa = PBXBuildFile; fileRef = 00000000000000000000001C; };
00000000000000000000001E = { isa = PBXFileReference; lastKnownFileType = sourcecode.swift; path = "Tests/RemoteFilesCoreTests/OriginalFileExportTests.swift"; sourceTree = SOURCE_ROOT; };
00000000000000000000001F = { isa = PBXBuildFile; fileRef = 00000000000000000000001E; };
000000000000000000000020 = { isa = PBXFileReference; lastKnownFileType = sourcecode.swift; path = "Tests/RemoteFilesCoreTests/OverflowViewportTests.swift"; sourceTree = SOURCE_ROOT; };
000000000000000000000021 = { isa = PBXBuildFile; fileRef = 000000000000000000000020; };
000000000000000000000022 = { isa = PBXFileReference; lastKnownFileType = sourcecode.swift; path = "Tests/RemoteFilesCoreTests/PlaybackTests.swift"; sourceTree = SOURCE_ROOT; };
000000000000000000000023 = { isa = PBXBuildFile; fileRef = 000000000000000000000022; };
000000000000000000000024 = { isa = PBXFileReference; lastKnownFileType = sourcecode.swift; path = "Tests/RemoteFilesCoreTests/PublicKeyInstallationFlowTests.swift"; sourceTree = SOURCE_ROOT; };
000000000000000000000025 = { isa = PBXBuildFile; fileRef = 000000000000000000000024; };
000000000000000000000026 = { isa = PBXFileReference; lastKnownFileType = sourcecode.swift; path = "Tests/RemoteFilesCoreTests/PublicKeyInstallerTests.swift"; sourceTree = SOURCE_ROOT; };
000000000000000000000027 = { isa = PBXBuildFile; fileRef = 000000000000000000000026; };
000000000000000000000028 = { isa = PBXFileReference; lastKnownFileType = sourcecode.swift; path = "Tests/RemoteFilesCoreTests/ReaderCancellationTests.swift"; sourceTree = SOURCE_ROOT; };
000000000000000000000029 = { isa = PBXBuildFile; fileRef = 000000000000000000000028; };
00000000000000000000002A = { isa = PBXFileReference; lastKnownFileType = sourcecode.swift; path = "Tests/RemoteFilesCoreTests/RemotePathBoundaryTests.swift"; sourceTree = SOURCE_ROOT; };
00000000000000000000002B = { isa = PBXBuildFile; fileRef = 00000000000000000000002A; };
00000000000000000000002C = { isa = PBXFileReference; lastKnownFileType = sourcecode.swift; path = "Tests/RemoteFilesCoreTests/RemoteResourceTests.swift"; sourceTree = SOURCE_ROOT; };
00000000000000000000002D = { isa = PBXBuildFile; fileRef = 00000000000000000000002C; };
00000000000000000000002E = { isa = PBXFileReference; lastKnownFileType = sourcecode.swift; path = "Tests/RemoteFilesCoreTests/SFTPIntegrationTests.swift"; sourceTree = SOURCE_ROOT; };
00000000000000000000002F = { isa = PBXBuildFile; fileRef = 00000000000000000000002E; };
000000000000000000000030 = { isa = PBXFileReference; lastKnownFileType = sourcecode.swift; path = "Tests/RemoteFilesCoreTests/SVGPreviewTests.swift"; sourceTree = SOURCE_ROOT; };
000000000000000000000031 = { isa = PBXBuildFile; fileRef = 000000000000000000000030; };
000000000000000000000032 = { isa = PBXFileReference; lastKnownFileType = sourcecode.swift; path = "Tests/RemoteFilesCoreTests/SourceClipboardTests.swift"; sourceTree = SOURCE_ROOT; };
000000000000000000000033 = { isa = PBXBuildFile; fileRef = 000000000000000000000032; };
000000000000000000000034 = { isa = PBXFileReference; lastKnownFileType = sourcecode.swift; path = "Tests/RemoteFilesCoreTests/SourceHighlightingTests.swift"; sourceTree = SOURCE_ROOT; };
000000000000000000000035 = { isa = PBXBuildFile; fileRef = 000000000000000000000034; };
000000000000000000000036 = { isa = PBXFileReference; lastKnownFileType = sourcecode.swift; path = "Tests/RemoteFilesCoreTests/StateAndPersistenceTests.swift"; sourceTree = SOURCE_ROOT; };
000000000000000000000037 = { isa = PBXBuildFile; fileRef = 000000000000000000000036; };
000000000000000000000038 = { isa = PBXSourcesBuildPhase; buildActionMask = 2147483647; files = (000000000000000000000006,); runOnlyForDeploymentPostprocessing = 0; };
000000000000000000000039 = { isa = PBXSourcesBuildPhase; buildActionMask = 2147483647; files = (000000000000000000000007,); runOnlyForDeploymentPostprocessing = 0; };
00000000000000000000003A = { isa = PBXSourcesBuildPhase; buildActionMask = 2147483647; files = (000000000000000000000011,000000000000000000000013,000000000000000000000015,000000000000000000000017,000000000000000000000019,00000000000000000000001B,00000000000000000000001D,00000000000000000000001F,000000000000000000000021,000000000000000000000023,000000000000000000000025,000000000000000000000027,000000000000000000000029,00000000000000000000002B,00000000000000000000002D,00000000000000000000002F,000000000000000000000031,000000000000000000000033,000000000000000000000035,000000000000000000000037); runOnlyForDeploymentPostprocessing = 0; };
00000000000000000000003B = { isa = PBXFrameworksBuildPhase; buildActionMask = 2147483647; files = (00000000000000000000000E,); runOnlyForDeploymentPostprocessing = 0; };
00000000000000000000003C = { isa = PBXFrameworksBuildPhase; buildActionMask = 2147483647; files = (00000000000000000000000F,00000000000000000000000E,); runOnlyForDeploymentPostprocessing = 0; };
00000000000000000000003D = { isa = PBXFileReference; explicitFileType = wrapper.cfbundle; path = RemoteFilesUITests.xctest; sourceTree = BUILT_PRODUCTS_DIR; };
00000000000000000000003E = { isa = PBXFileReference; lastKnownFileType = sourcecode.swift; path = Tests/RemoteFilesUITests/RemoteFilesUITests.swift; sourceTree = SOURCE_ROOT; };
00000000000000000000003F = { isa = PBXBuildFile; fileRef = 00000000000000000000003E; };
000000000000000000000040 = { isa = PBXSourcesBuildPhase; buildActionMask = 2147483647; files = (00000000000000000000003F,); runOnlyForDeploymentPostprocessing = 0; };
000000000000000000000041 = { isa = XCBuildConfiguration; name = Debug; buildSettings = { DEVELOPMENT_TEAM = 359794K46A; CODE_SIGN_STYLE = Automatic; CLANG_ENABLE_MODULES = YES; IPHONEOS_DEPLOYMENT_TARGET = 27.0; SDKROOT = iphoneos; SWIFT_VERSION = 5.0; TARGETED_DEVICE_FAMILY = "1,2"; PRODUCT_BUNDLE_IDENTIFIER = dev.iris.RemoteFilesUITests; PRODUCT_NAME = "$(TARGET_NAME)"; GENERATE_INFOPLIST_FILE = YES; TEST_TARGET_NAME = RemoteFiles; ONLY_ACTIVE_ARCH = YES; SWIFT_OPTIMIZATION_LEVEL = "-Onone"; ENABLE_TESTABILITY = YES; DEBUG_INFORMATION_FORMAT = dwarf; SWIFT_ACTIVE_COMPILATION_CONDITIONS = DEBUG; }; };
000000000000000000000042 = { isa = XCBuildConfiguration; name = Release; buildSettings = { DEVELOPMENT_TEAM = 359794K46A; CODE_SIGN_STYLE = Automatic; CLANG_ENABLE_MODULES = YES; IPHONEOS_DEPLOYMENT_TARGET = 27.0; SDKROOT = iphoneos; SWIFT_VERSION = 5.0; TARGETED_DEVICE_FAMILY = "1,2"; PRODUCT_BUNDLE_IDENTIFIER = dev.iris.RemoteFilesUITests; PRODUCT_NAME = "$(TARGET_NAME)"; GENERATE_INFOPLIST_FILE = YES; TEST_TARGET_NAME = RemoteFiles; SWIFT_COMPILATION_MODE = wholemodule; SWIFT_OPTIMIZATION_LEVEL = "-O"; }; };
000000000000000000000043 = { isa = XCConfigurationList; buildConfigurations = (000000000000000000000041, 000000000000000000000042,); defaultConfigurationIsVisible = 0; defaultConfigurationName = Release; };
000000000000000000000044 = { isa = XCBuildConfiguration; name = Debug; buildSettings = { DEVELOPMENT_TEAM = 359794K46A; CODE_SIGN_STYLE = Automatic; CLANG_ENABLE_MODULES = YES; IPHONEOS_DEPLOYMENT_TARGET = 27.0; SDKROOT = iphoneos; SWIFT_VERSION = 5.0; TARGETED_DEVICE_FAMILY = "1,2";  ONLY_ACTIVE_ARCH = YES; SWIFT_OPTIMIZATION_LEVEL = "-Onone"; ENABLE_TESTABILITY = YES; DEBUG_INFORMATION_FORMAT = dwarf; SWIFT_ACTIVE_COMPILATION_CONDITIONS = DEBUG; }; };
000000000000000000000045 = { isa = XCBuildConfiguration; name = Release; buildSettings = { DEVELOPMENT_TEAM = 359794K46A; CODE_SIGN_STYLE = Automatic; CLANG_ENABLE_MODULES = YES; IPHONEOS_DEPLOYMENT_TARGET = 27.0; SDKROOT = iphoneos; SWIFT_VERSION = 5.0; TARGETED_DEVICE_FAMILY = "1,2";  SWIFT_COMPILATION_MODE = wholemodule; SWIFT_OPTIMIZATION_LEVEL = "-O"; }; };
000000000000000000000046 = { isa = XCConfigurationList; buildConfigurations = (000000000000000000000044, 000000000000000000000045,); defaultConfigurationIsVisible = 0; defaultConfigurationName = Release; };
000000000000000000000047 = { isa = XCBuildConfiguration; name = Debug; buildSettings = { DEVELOPMENT_TEAM = 359794K46A; CODE_SIGN_STYLE = Automatic; CLANG_ENABLE_MODULES = YES; IPHONEOS_DEPLOYMENT_TARGET = 27.0; SDKROOT = iphoneos; SWIFT_VERSION = 5.0; TARGETED_DEVICE_FAMILY = "1,2"; PRODUCT_BUNDLE_IDENTIFIER = dev.iris.RemoteFiles; PRODUCT_NAME = "$(TARGET_NAME)"; GENERATE_INFOPLIST_FILE = YES; INFOPLIST_KEY_CFBundleDisplayName = RemoteFiles; INFOPLIST_KEY_LSApplicationCategoryType = "public.app-category.productivity"; INFOPLIST_KEY_NSLocalNetworkUsageDescription = "Connect to the server you choose to browse files over SSH."; INFOPLIST_KEY_UILaunchScreen_Generation = YES; INFOPLIST_KEY_UIApplicationSceneManifest_Generation = YES; INFOPLIST_KEY_UISupportedInterfaceOrientations_iPhone = "UIInterfaceOrientationPortrait UIInterfaceOrientationLandscapeLeft UIInterfaceOrientationLandscapeRight"; ASSETCATALOG_COMPILER_APPICON_NAME = AppIcon; CODE_SIGN_STYLE = Automatic; CURRENT_PROJECT_VERSION = 1; MARKETING_VERSION = 0.1.0; ONLY_ACTIVE_ARCH = YES; SWIFT_OPTIMIZATION_LEVEL = "-Onone"; ENABLE_TESTABILITY = YES; DEBUG_INFORMATION_FORMAT = dwarf; SWIFT_ACTIVE_COMPILATION_CONDITIONS = DEBUG; }; };
000000000000000000000048 = { isa = XCBuildConfiguration; name = Release; buildSettings = { DEVELOPMENT_TEAM = 359794K46A; CODE_SIGN_STYLE = Automatic; CLANG_ENABLE_MODULES = YES; IPHONEOS_DEPLOYMENT_TARGET = 27.0; SDKROOT = iphoneos; SWIFT_VERSION = 5.0; TARGETED_DEVICE_FAMILY = "1,2"; PRODUCT_BUNDLE_IDENTIFIER = dev.iris.RemoteFiles; PRODUCT_NAME = "$(TARGET_NAME)"; GENERATE_INFOPLIST_FILE = YES; INFOPLIST_KEY_CFBundleDisplayName = RemoteFiles; INFOPLIST_KEY_LSApplicationCategoryType = "public.app-category.productivity"; INFOPLIST_KEY_NSLocalNetworkUsageDescription = "Connect to the server you choose to browse files over SSH."; INFOPLIST_KEY_UILaunchScreen_Generation = YES; INFOPLIST_KEY_UIApplicationSceneManifest_Generation = YES; INFOPLIST_KEY_UISupportedInterfaceOrientations_iPhone = "UIInterfaceOrientationPortrait UIInterfaceOrientationLandscapeLeft UIInterfaceOrientationLandscapeRight"; ASSETCATALOG_COMPILER_APPICON_NAME = AppIcon; CODE_SIGN_STYLE = Automatic; CURRENT_PROJECT_VERSION = 1; MARKETING_VERSION = 0.1.0; SWIFT_COMPILATION_MODE = wholemodule; SWIFT_OPTIMIZATION_LEVEL = "-O"; }; };
000000000000000000000049 = { isa = XCConfigurationList; buildConfigurations = (000000000000000000000047, 000000000000000000000048,); defaultConfigurationIsVisible = 0; defaultConfigurationName = Release; };
00000000000000000000004A = { isa = XCBuildConfiguration; name = Debug; buildSettings = { DEVELOPMENT_TEAM = 359794K46A; CODE_SIGN_STYLE = Automatic; CLANG_ENABLE_MODULES = YES; IPHONEOS_DEPLOYMENT_TARGET = 27.0; SDKROOT = iphoneos; SWIFT_VERSION = 5.0; TARGETED_DEVICE_FAMILY = "1,2"; PRODUCT_BUNDLE_IDENTIFIER = dev.iris.RemoteFilesTests; PRODUCT_NAME = "$(TARGET_NAME)"; GENERATE_INFOPLIST_FILE = YES; BUNDLE_LOADER = "$(TEST_HOST)"; TEST_HOST = "$(BUILT_PRODUCTS_DIR)/RemoteFilesTestHost.app/$(BUNDLE_EXECUTABLE_FOLDER_PATH)/RemoteFilesTestHost"; ONLY_ACTIVE_ARCH = YES; SWIFT_OPTIMIZATION_LEVEL = "-Onone"; ENABLE_TESTABILITY = YES; DEBUG_INFORMATION_FORMAT = dwarf; SWIFT_ACTIVE_COMPILATION_CONDITIONS = DEBUG; }; };
00000000000000000000004B = { isa = XCBuildConfiguration; name = Release; buildSettings = { DEVELOPMENT_TEAM = 359794K46A; CODE_SIGN_STYLE = Automatic; CLANG_ENABLE_MODULES = YES; IPHONEOS_DEPLOYMENT_TARGET = 27.0; SDKROOT = iphoneos; SWIFT_VERSION = 5.0; TARGETED_DEVICE_FAMILY = "1,2"; PRODUCT_BUNDLE_IDENTIFIER = dev.iris.RemoteFilesTests; PRODUCT_NAME = "$(TARGET_NAME)"; GENERATE_INFOPLIST_FILE = YES; BUNDLE_LOADER = "$(TEST_HOST)"; TEST_HOST = "$(BUILT_PRODUCTS_DIR)/RemoteFilesTestHost.app/$(BUNDLE_EXECUTABLE_FOLDER_PATH)/RemoteFilesTestHost"; SWIFT_COMPILATION_MODE = wholemodule; SWIFT_OPTIMIZATION_LEVEL = "-O"; }; };
00000000000000000000004C = { isa = XCConfigurationList; buildConfigurations = (00000000000000000000004A, 00000000000000000000004B,); defaultConfigurationIsVisible = 0; defaultConfigurationName = Release; };
00000000000000000000004D = { isa = XCBuildConfiguration; name = Debug; buildSettings = { DEVELOPMENT_TEAM = 359794K46A; CODE_SIGN_STYLE = Automatic; CLANG_ENABLE_MODULES = YES; IPHONEOS_DEPLOYMENT_TARGET = 27.0; SDKROOT = iphoneos; SWIFT_VERSION = 5.0; TARGETED_DEVICE_FAMILY = "1,2"; PRODUCT_BUNDLE_IDENTIFIER = dev.iris.RemoteFilesTestHost; PRODUCT_NAME = "$(TARGET_NAME)"; GENERATE_INFOPLIST_FILE = YES; INFOPLIST_KEY_CFBundleDisplayName = RemoteFiles; INFOPLIST_KEY_LSApplicationCategoryType = "public.app-category.productivity"; INFOPLIST_KEY_NSLocalNetworkUsageDescription = "Connect to the server you choose to browse files over SSH."; INFOPLIST_KEY_UILaunchScreen_Generation = YES; INFOPLIST_KEY_UIApplicationSceneManifest_Generation = YES; INFOPLIST_KEY_UISupportedInterfaceOrientations_iPhone = "UIInterfaceOrientationPortrait UIInterfaceOrientationLandscapeLeft UIInterfaceOrientationLandscapeRight";  CODE_SIGN_STYLE = Automatic; CURRENT_PROJECT_VERSION = 1; MARKETING_VERSION = 0.1.0; ONLY_ACTIVE_ARCH = YES; SWIFT_OPTIMIZATION_LEVEL = "-Onone"; ENABLE_TESTABILITY = YES; DEBUG_INFORMATION_FORMAT = dwarf; SWIFT_ACTIVE_COMPILATION_CONDITIONS = DEBUG; }; };
00000000000000000000004E = { isa = XCBuildConfiguration; name = Release; buildSettings = { DEVELOPMENT_TEAM = 359794K46A; CODE_SIGN_STYLE = Automatic; CLANG_ENABLE_MODULES = YES; IPHONEOS_DEPLOYMENT_TARGET = 27.0; SDKROOT = iphoneos; SWIFT_VERSION = 5.0; TARGETED_DEVICE_FAMILY = "1,2"; PRODUCT_BUNDLE_IDENTIFIER = dev.iris.RemoteFilesTestHost; PRODUCT_NAME = "$(TARGET_NAME)"; GENERATE_INFOPLIST_FILE = YES; INFOPLIST_KEY_CFBundleDisplayName = RemoteFiles; INFOPLIST_KEY_LSApplicationCategoryType = "public.app-category.productivity"; INFOPLIST_KEY_NSLocalNetworkUsageDescription = "Connect to the server you choose to browse files over SSH."; INFOPLIST_KEY_UILaunchScreen_Generation = YES; INFOPLIST_KEY_UIApplicationSceneManifest_Generation = YES; INFOPLIST_KEY_UISupportedInterfaceOrientations_iPhone = "UIInterfaceOrientationPortrait UIInterfaceOrientationLandscapeLeft UIInterfaceOrientationLandscapeRight";  CODE_SIGN_STYLE = Automatic; CURRENT_PROJECT_VERSION = 1; MARKETING_VERSION = 0.1.0; SWIFT_COMPILATION_MODE = wholemodule; SWIFT_OPTIMIZATION_LEVEL = "-O"; }; };
00000000000000000000004F = { isa = XCConfigurationList; buildConfigurations = (00000000000000000000004D, 00000000000000000000004E,); defaultConfigurationIsVisible = 0; defaultConfigurationName = Release; };
000000000000000000000050 = { isa = PBXNativeTarget; buildConfigurationList = 00000000000000000000004F; buildPhases = (000000000000000000000038,); buildRules = (); dependencies = (); name = RemoteFilesTestHost; productName = RemoteFilesTestHost; productReference = 000000000000000000000001; productType = "com.apple.product-type.application"; packageProductDependencies = (); };
000000000000000000000051 = { isa = PBXNativeTarget; buildConfigurationList = 000000000000000000000049; buildPhases = (000000000000000000000039, 00000000000000000000003B, 00000000000000000000000A,); buildRules = (); dependencies = (); name = RemoteFiles; productName = RemoteFiles; productReference = 000000000000000000000002; productType = "com.apple.product-type.application"; packageProductDependencies = (00000000000000000000000C,); };
000000000000000000000052 = { isa = PBXTargetDependency; target = 000000000000000000000050; };
000000000000000000000053 = { isa = PBXNativeTarget; buildConfigurationList = 00000000000000000000004C; buildPhases = (00000000000000000000003A, 00000000000000000000003C,); buildRules = (); dependencies = (000000000000000000000052,); name = RemoteFilesTests; productName = RemoteFilesTests; productReference = 000000000000000000000003; productType = "com.apple.product-type.bundle.unit-test"; packageProductDependencies = (00000000000000000000000D,00000000000000000000000C,); };
000000000000000000000054 = { isa = PBXTargetDependency; target = 000000000000000000000051; };
000000000000000000000055 = { isa = PBXNativeTarget; buildConfigurationList = 000000000000000000000043; buildPhases = (000000000000000000000040,); buildRules = (); dependencies = (000000000000000000000054,); name = RemoteFilesUITests; productName = RemoteFilesUITests; productReference = 00000000000000000000003D; productType = "com.apple.product-type.bundle.ui-testing"; };
000000000000000000000056 = { isa = PBXGroup; children = (000000000000000000000002,000000000000000000000001,000000000000000000000003,00000000000000000000003D,); name = Products; sourceTree = "<group>"; };
000000000000000000000057 = { isa = PBXGroup; children = (000000000000000000000004,000000000000000000000005,000000000000000000000008,00000000000000000000003E,000000000000000000000010,000000000000000000000012,000000000000000000000014,000000000000000000000016,000000000000000000000018,00000000000000000000001A,00000000000000000000001C,00000000000000000000001E,000000000000000000000020,000000000000000000000022,000000000000000000000024,000000000000000000000026,000000000000000000000028,00000000000000000000002A,00000000000000000000002C,00000000000000000000002E,000000000000000000000030,000000000000000000000032,000000000000000000000034,000000000000000000000036,000000000000000000000056,); sourceTree = "<group>"; };
000000000000000000000058 = { isa = PBXProject; attributes = { BuildIndependentTargetsInParallel = YES; LastUpgradeCheck = 2700; }; buildConfigurationList = 000000000000000000000046; compatibilityVersion = "Xcode 14.0"; developmentRegion = en; knownRegions = (en,Base,); mainGroup = 000000000000000000000057; productRefGroup = 000000000000000000000056; projectDirPath = ""; projectRoot = ""; targets = (000000000000000000000051,000000000000000000000050,000000000000000000000053,000000000000000000000055,); packageReferences = (00000000000000000000000B,); };
}; rootObject = 000000000000000000000058; }
